{
  "version": 4,
  "terraform_version": "1.5.7",
  "serial": 3,
  "lineage": "678ccaf3-48f5-368a-e62d-ae9b95fcb237",
  "outputs": {
    "kubernetes_cluster_host": {
      "value": "34.42.137.253",
      "type": "string"
    },
    "kubernetes_cluster_name": {
      "value": "mlecourse-399310-gke",
      "type": "string"
    },
    "project_id": {
      "value": "mlecourse-399310",
      "type": "string"
    },
    "region": {
      "value": "us-central1-c",
      "type": "string"
    }
  },
  "resources": [
    {
      "mode": "managed",
      "type": "google_container_cluster",
      "name": "primary",
      "provider": "provider[\"registry.terraform.io/hashicorp/google\"]",
      "instances": [
        {
          "schema_version": 1,
          "attributes": {
            "addons_config": [
              {
                "cloudrun_config": [],
                "config_connector_config": [],
                "dns_cache_config": [],
                "gce_persistent_disk_csi_driver_config": [
                  {
                    "enabled": true
                  }
                ],
                "gcp_filestore_csi_driver_config": [],
                "gcs_fuse_csi_driver_config": [],
                "gke_backup_agent_config": [],
                "horizontal_pod_autoscaling": [],
                "http_load_balancing": [],
                "network_policy_config": [
                  {
                    "disabled": true
                  }
                ]
              }
            ],
            "allow_net_admin": null,
            "authenticator_groups_config": [],
            "binary_authorization": [
              {
                "enabled": false,
                "evaluation_mode": ""
              }
            ],
            "cluster_autoscaling": [
              {
                "auto_provisioning_defaults": [],
                "enabled": false,
                "resource_limits": []
              }
            ],
            "cluster_ipv4_cidr": "10.60.0.0/14",
            "confidential_nodes": [],
            "cost_management_config": [],
            "database_encryption": [
              {
                "key_name": "",
                "state": "DECRYPTED"
              }
            ],
            "datapath_provider": "",
            "default_max_pods_per_node": null,
            "default_snat_status": [
              {
                "disabled": false
              }
            ],
            "description": "",
            "dns_config": [],
            "enable_autopilot": false,
            "enable_binary_authorization": false,
            "enable_intranode_visibility": false,
            "enable_k8s_beta_apis": [],
            "enable_kubernetes_alpha": false,
            "enable_l4_ilb_subsetting": false,
            "enable_legacy_abac": false,
            "enable_shielded_nodes": true,
            "enable_tpu": false,
            "endpoint": "34.42.137.253",
            "gateway_api_config": [],
            "id": "projects/mlecourse-399310/locations/us-central1-c/clusters/mlecourse-399310-gke",
            "initial_node_count": 1,
            "ip_allocation_policy": [],
            "label_fingerprint": "a9dc16a7",
            "location": "us-central1-c",
            "logging_config": [
              {
                "enable_components": [
                  "SYSTEM_COMPONENTS",
                  "WORKLOADS"
                ]
              }
            ],
            "logging_service": "logging.googleapis.com/kubernetes",
            "maintenance_policy": [],
            "master_auth": [
              {
                "client_certificate": "",
                "client_certificate_config": [
                  {
                    "issue_client_certificate": false
                  }
                ],
                "client_key": "",
                "cluster_ca_certificate": "LS0tLS1CRUdJTiBDRVJUSUZJQ0FURS0tLS0tCk1JSUVMRENDQXBTZ0F3SUJBZ0lRSUhqYURYR1dPbzJVY2MwKzZpWm1hVEFOQmdrcWhraUc5dzBCQVFzRkFEQXYKTVMwd0t3WURWUVFERXlRM1lqbGhNMlU1WlMwNU1UVXlMVFEyWWpRdE9ESmpOaTFsTkdJMVpHVm1OR1poTTJNdwpJQmNOTWpNd09USTVNVFl3TnpJNVdoZ1BNakExTXpBNU1qRXhOekEzTWpsYU1DOHhMVEFyQmdOVkJBTVRKRGRpCk9XRXpaVGxsTFRreE5USXRORFppTkMwNE1tTTJMV1UwWWpWa1pXWTBabUV6WXpDQ0FhSXdEUVlKS29aSWh2Y04KQVFFQkJRQURnZ0dQQURDQ0FZb0NnZ0dCQUtFTjJQbjRZWXo0dENJdGRaTmc4TzdlQ25DczhTQmRLdzZkM3hqbwpCTHRKWEhONEI1WFlaN0NQSkFlVGY2SEhCa0FBb3VSamtlN2d1a0ttMHUzQXY4K0JKNFpEcHVvZHI1WDFTcWxDCm9BVWl4TmpOVzF1Q2tDZTdvcmsxWjVNT2Z4U3diYTlkZmZHRm9qUGk0bHdmcnY1MkpJay9JU3VXVVI1ano0RFAKbjVISVBDaXlPQnAzRHF5SkFTNCtZdGRzQzhXbkczTEttUm01MTBxRkNSMnR3LzRuZHlCTENiZzVSSU5Yb0xTVQpVTzFUdm5nUUNQR3RvN0tvU0x2bWNUS3lFRDViaG81QlVXZ0ZHYXA1b0NwNUhuMmpqangybnA2ZFBqNE5OQmtjCjZyeTlNNXVEZENvSEVobDBYWDVKZXN0L0ZYWHpTZTZrUnBZM3JJM3I3eUhkdVg5clExUGl0WENoY3JJcUN2d3gKOFlER3MrcEp1d0E3VEs3Yy9SK2JtUzFKdHQxbGNUUHBoYS80WGFGZ1ZBN00vTG05dmJWUlgyemNYOGdNa0VrSgpGbU9FMlovMEM0QWgyODRnZmhVODJtRU94NUdxMmswVExVMnoyWHNsZWhmS05RU1phWnJ5OFhNcWFOblNqVnZtCml4R3drMWdsdHhZTDZJQm9QbEtVd2V5a1B3SURBUUFCbzBJd1FEQU9CZ05WSFE4QkFmOEVCQU1DQWdRd0R3WUQKVlIwVEFRSC9CQVV3QXdFQi96QWRCZ05WSFE0RUZnUVVGU0toZnY5c0UzL29ZWHFSS2FYWU9PQ2NzVXd3RFFZSgpLb1pJaHZjTkFRRUxCUUFEZ2dHQkFHNGs2NWNPVkFJTFNzSW1WalI4L3VtaXd4SVo5QnY2RGNvQUgwU240emE3CnJwZlpjN2k3YTZuY1A5bGt3ejFCYkVsVENuM2gxT3MwWlVEMnpzYjJ2c1dlN2hTZzh3dGUzVHZ4U2xJN1ZBRGMKMmZGVFQ2aGhXK3JGekFiQ0srbjBXdHNxWmNKak1iSGxnaGZrd1o4WWR1a2R6NUFRcUF3TzBuRkdGRmF0K25MVgpHWEo5YmJyVEx0WXVaSWM0VnV6NUgrbXNwQStzajFTdmFNWXdMb1gycVRRWDlaZFcyUXV5cExyRGtpZVRsK1A5ClYwc3pDRTd0dFg4WUFrREdqWUhIbnROQlVmT3MvOEo2bG5qUkVwTitOWC9zQ3RpREY5N2NXR2txaGZhK0VLdngKalViQkRudjZ3ZnAyMlZSRzV4dHBJUG91UFVkanpjeGdmUldISTdMeWlIaVdZcFZkMjRuWFkrRVZSMTdOS2N5cwpnZGg3RUxFZUR5TnhpdmNNQVcxYk8xbTFUbDl0eDBHb2E3K0FBS3pRYXVFZCtwQmlDUE51Y2o2dHdjdkVrWDNjClhvU0poMEU0Z0huK2RnTmZZZjd3OUdEVE5lcGtqU2FqUUxNWXhVQURkR0l3c0V0WEkyWWJiQmExakwrRytxOXIKeHNHWHNXeTd1YmVpbVVBQkZXTytNZz09Ci0tLS0tRU5EIENFUlRJRklDQVRFLS0tLS0K"
              }
            ],
            "master_authorized_networks_config": [],
            "master_version": "1.27.3-gke.100",
            "mesh_certificates": [],
            "min_master_version": null,
            "monitoring_config": [
              {
                "advanced_datapath_observability_config": [
                  {
                    "enable_metrics": false,
                    "relay_mode": "DISABLED"
                  }
                ],
                "enable_components": [
                  "SYSTEM_COMPONENTS"
                ],
                "managed_prometheus": [
                  {
                    "enabled": true
                  }
                ]
              }
            ],
            "monitoring_service": "monitoring.googleapis.com/kubernetes",
            "name": "mlecourse-399310-gke",
            "network": "projects/mlecourse-399310/global/networks/default",
            "network_policy": [
              {
                "enabled": false,
                "provider": "PROVIDER_UNSPECIFIED"
              }
            ],
            "networking_mode": "ROUTES",
            "node_config": [],
            "node_locations": [],
            "node_pool": [],
            "node_pool_defaults": [
              {
                "node_config_defaults": [
                  {
                    "logging_variant": "DEFAULT"
                  }
                ]
              }
            ],
            "node_version": "1.27.3-gke.100",
            "notification_config": [
              {
                "pubsub": [
                  {
                    "enabled": false,
                    "filter": [],
                    "topic": ""
                  }
                ]
              }
            ],
            "operation": null,
            "private_cluster_config": [
              {
                "enable_private_endpoint": false,
                "enable_private_nodes": false,
                "master_global_access_config": [
                  {
                    "enabled": false
                  }
                ],
                "master_ipv4_cidr_block": "",
                "peering_name": "",
                "private_endpoint": "10.128.0.49",
                "private_endpoint_subnetwork": "",
                "public_endpoint": "34.42.137.253"
              }
            ],
            "private_ipv6_google_access": "",
            "project": "mlecourse-399310",
            "release_channel": [
              {
                "channel": "REGULAR"
              }
            ],
            "remove_default_node_pool": true,
            "resource_labels": null,
            "resource_usage_export_config": [],
            "security_posture_config": [
              {
                "mode": "BASIC",
                "vulnerability_mode": "VULNERABILITY_MODE_UNSPECIFIED"
              }
            ],
            "self_link": "https://container.googleapis.com/v1/projects/mlecourse-399310/zones/us-central1-c/clusters/mlecourse-399310-gke",
            "service_external_ips_config": [
              {
                "enabled": false
              }
            ],
            "services_ipv4_cidr": "10.63.240.0/20",
            "subnetwork": "projects/mlecourse-399310/regions/us-central1/subnetworks/default",
            "timeouts": null,
            "tpu_ipv4_cidr_block": "",
            "vertical_pod_autoscaling": [],
            "workload_identity_config": []
          },
          "sensitive_attributes": [],
          "private": "eyJlMmJmYjczMC1lY2FhLTExZTYtOGY4OC0zNDM2M2JjN2M0YzAiOnsiY3JlYXRlIjoyNDAwMDAwMDAwMDAwLCJkZWxldGUiOjI0MDAwMDAwMDAwMDAsInJlYWQiOjI0MDAwMDAwMDAwMDAsInVwZGF0ZSI6MzYwMDAwMDAwMDAwMH0sInNjaGVtYV92ZXJzaW9uIjoiMSJ9"
        }
      ]
    },
    {
      "mode": "managed",
      "type": "google_container_node_pool",
      "name": "primary_preemptible_nodes",
      "provider": "provider[\"registry.terraform.io/hashicorp/google\"]",
      "instances": [
        {
          "schema_version": 1,
          "attributes": {
            "autoscaling": [],
            "cluster": "mlecourse-399310-gke",
            "id": "projects/mlecourse-399310/locations/us-central1-c/clusters/mlecourse-399310-gke/nodePools/mle1-node-pool",
            "initial_node_count": 1,
            "instance_group_urls": [
              "https://www.googleapis.com/compute/v1/projects/mlecourse-399310/zones/us-central1-c/instanceGroupManagers/gke-mlecourse-399310-g-mle1-node-pool-4fcdc24f-grp"
            ],
            "location": "us-central1-c",
            "managed_instance_group_urls": [
              "https://www.googleapis.com/compute/v1/projects/mlecourse-399310/zones/us-central1-c/instanceGroups/gke-mlecourse-399310-g-mle1-node-pool-4fcdc24f-grp"
            ],
            "management": [
              {
                "auto_repair": true,
                "auto_upgrade": true
              }
            ],
            "max_pods_per_node": null,
            "name": "mle1-node-pool",
            "name_prefix": "",
            "network_config": [
              {
                "create_pod_range": false,
                "enable_private_nodes": false,
                "pod_cidr_overprovision_config": [],
                "pod_ipv4_cidr_block": "",
                "pod_range": ""
              }
            ],
            "node_config": [
              {
                "advanced_machine_features": [],
                "boot_disk_kms_key": "",
                "disk_size_gb": 100,
                "disk_type": "pd-balanced",
                "ephemeral_storage_local_ssd_config": [],
                "gcfs_config": [],
                "guest_accelerator": [],
                "gvnic": [],
                "host_maintenance_policy": [],
                "image_type": "COS_CONTAINERD",
                "kubelet_config": [],
                "labels": {},
                "linux_node_config": [],
                "local_nvme_ssd_block_config": [],
                "local_ssd_count": 0,
                "logging_variant": "DEFAULT",
                "machine_type": "n2-standard-2",
                "metadata": {
                  "disable-legacy-endpoints": "true"
                },
                "min_cpu_platform": "",
                "node_group": "",
                "oauth_scopes": [
                  "https://www.googleapis.com/auth/devstorage.read_only",
                  "https://www.googleapis.com/auth/logging.write",
                  "https://www.googleapis.com/auth/monitoring",
                  "https://www.googleapis.com/auth/service.management.readonly",
                  "https://www.googleapis.com/auth/servicecontrol",
                  "https://www.googleapis.com/auth/trace.append"
                ],
                "preemptible": true,
                "reservation_affinity": [],
                "resource_labels": null,
                "service_account": "default",
                "shielded_instance_config": [
                  {
                    "enable_integrity_monitoring": true,
                    "enable_secure_boot": false
                  }
                ],
                "sole_tenant_config": [],
                "spot": false,
                "tags": null,
                "taint": [],
                "workload_metadata_config": []
              }
            ],
            "node_count": 1,
            "node_locations": [
              "us-central1-c"
            ],
            "operation": null,
            "placement_policy": [],
            "project": "mlecourse-399310",
            "timeouts": null,
            "upgrade_settings": [
              {
                "blue_green_settings": [],
                "max_surge": 1,
                "max_unavailable": 0,
                "strategy": "SURGE"
              }
            ],
            "version": "1.27.3-gke.100"
          },
          "sensitive_attributes": [],
          "private": "eyJlMmJmYjczMC1lY2FhLTExZTYtOGY4OC0zNDM2M2JjN2M0YzAiOnsiY3JlYXRlIjoxODAwMDAwMDAwMDAwLCJkZWxldGUiOjE4MDAwMDAwMDAwMDAsInVwZGF0ZSI6MTgwMDAwMDAwMDAwMH0sInNjaGVtYV92ZXJzaW9uIjoiMSJ9",
          "dependencies": [
            "google_container_cluster.primary"
          ]
        }
      ]
    }
  ],
  "check_results": null
}
